
Microsoft Visual Studio Solution File, Format Version 12.00
# Visual Studio Version 17
VisualStudioVersion = 17.3.32929.385
MinimumVisualStudioVersion = 10.0.40219.1
Project("{FAE04EC0-301F-11D3-BF4B-00C04F79EFBC}") = "LolChallenges.Web", "LolChallenges.Web\LolChallenges.Web.csproj", "{AE15BC4D-FC45-4235-94B5-74FCF62C0BF9}"
EndProject
Global
	GlobalSection(SolutionConfigurationPlatforms) = preSolution
		Debug|Any CPU = Debug|Any CPU
		Release|Any CPU = Release|Any CPU
	EndGlobalSection
	GlobalSection(ProjectConfigurationPlatforms) = postSolution
		{AE15BC4D-FC45-4235-94B5-74FCF62C0BF9}.Debug|Any CPU.ActiveCfg = Debug|Any CPU
		{AE15BC4D-FC45-4235-94B5-74FCF62C0BF9}.Debug|Any CPU.Build.0 = Debug|Any CPU
		{AE15BC4D-FC45-4235-94B5-74FCF62C0BF9}.Release|Any CPU.ActiveCfg = Release|Any CPU
		{AE15BC4D-FC45-4235-94B5-74FCF62C0BF9}.Release|Any CPU.Build.0 = Release|Any CPU
	EndGlobalSection
	GlobalSection(SolutionProperties) = preSolution
		HideSolutionNode = FALSE
	EndGlobalSection
	GlobalSection(ExtensibilityGlobals) = postSolution
		SolutionGuid = {63B71A2B-8144-416E-905E-A493C7D33D2A}
	EndGlobalSection
EndGlobal
